
Microsoft Visual Studio Solution File, Format Version 12.00
# Visual Studio Version 17
VisualStudioVersion = 17.14.36511.14 d17.14
MinimumVisualStudioVersion = 10.0.40219.1
Project("{FAE04EC0-301F-11D3-BF4B-00C04F79EFBC}") = "HotelBooking.API", "HotelBooking.API\HotelBooking.API.csproj", "{AE5B4433-83B1-48DB-86EA-3A5F8B078A49}"
EndProject
Project("{FAE04EC0-301F-11D3-BF4B-00C04F79EFBC}") = "HotelBooking.Application", "HotelBooking.Application\HotelBooking.Application.csproj", "{0DAD98EB-821B-4162-A7C5-69D1D5DCB129}"
EndProject
Project("{FAE04EC0-301F-11D3-BF4B-00C04F79EFBC}") = "HotelBooking.Domain", "HotelBooking.Domain\HotelBooking.Domain.csproj", "{212A311A-9E21-4D7B-B8DC-460A1D143EFE}"
EndProject
Project("{FAE04EC0-301F-11D3-BF4B-00C04F79EFBC}") = "HotelBooking.Infrastructure", "HotelBooking.Infrastructure\HotelBooking.Infrastructure.csproj", "{0A0A5E12-E4B0-4972-A8AE-AD74573E9596}"
EndProject
Global
	GlobalSection(SolutionConfigurationPlatforms) = preSolution
		Debug|Any CPU = Debug|Any CPU
		Release|Any CPU = Release|Any CPU
	EndGlobalSection
	GlobalSection(ProjectConfigurationPlatforms) = postSolution
		{AE5B4433-83B1-48DB-86EA-3A5F8B078A49}.Debug|Any CPU.ActiveCfg = Debug|Any CPU
		{AE5B4433-83B1-48DB-86EA-3A5F8B078A49}.Debug|Any CPU.Build.0 = Debug|Any CPU
		{AE5B4433-83B1-48DB-86EA-3A5F8B078A49}.Release|Any CPU.ActiveCfg = Release|Any CPU
		{AE5B4433-83B1-48DB-86EA-3A5F8B078A49}.Release|Any CPU.Build.0 = Release|Any CPU
		{0DAD98EB-821B-4162-A7C5-69D1D5DCB129}.Debug|Any CPU.ActiveCfg = Debug|Any CPU
		{0DAD98EB-821B-4162-A7C5-69D1D5DCB129}.Debug|Any CPU.Build.0 = Debug|Any CPU
		{0DAD98EB-821B-4162-A7C5-69D1D5DCB129}.Release|Any CPU.ActiveCfg = Release|Any CPU
		{0DAD98EB-821B-4162-A7C5-69D1D5DCB129}.Release|Any CPU.Build.0 = Release|Any CPU
		{212A311A-9E21-4D7B-B8DC-460A1D143EFE}.Debug|Any CPU.ActiveCfg = Debug|Any CPU
		{212A311A-9E21-4D7B-B8DC-460A1D143EFE}.Debug|Any CPU.Build.0 = Debug|Any CPU
		{212A311A-9E21-4D7B-B8DC-460A1D143EFE}.Release|Any CPU.ActiveCfg = Release|Any CPU
		{212A311A-9E21-4D7B-B8DC-460A1D143EFE}.Release|Any CPU.Build.0 = Release|Any CPU
		{0A0A5E12-E4B0-4972-A8AE-AD74573E9596}.Debug|Any CPU.ActiveCfg = Debug|Any CPU
		{0A0A5E12-E4B0-4972-A8AE-AD74573E9596}.Debug|Any CPU.Build.0 = Debug|Any CPU
		{0A0A5E12-E4B0-4972-A8AE-AD74573E9596}.Release|Any CPU.ActiveCfg = Release|Any CPU
		{0A0A5E12-E4B0-4972-A8AE-AD74573E9596}.Release|Any CPU.Build.0 = Release|Any CPU
	EndGlobalSection
	GlobalSection(SolutionProperties) = preSolution
		HideSolutionNode = FALSE
	EndGlobalSection
	GlobalSection(ExtensibilityGlobals) = postSolution
		SolutionGuid = {52CF9382-6388-4331-ADD1-E669C488C8C2}
	EndGlobalSection
EndGlobal
